
Microsoft Visual Studio Solution File, Format Version 12.00
# Visual Studio 15
VisualStudioVersion = 15.0.28010.2050
MinimumVisualStudioVersion = 10.0.40219.1
Project("{FAE04EC0-301F-11D3-BF4B-00C04F79EFBC}") = "WPF_Project", "WPF_Project\WPF_Project.csproj", "{8324EC82-9ABF-4049-BD18-CE27B5D6A54B}"
EndProject
Global
	GlobalSection(SolutionConfigurationPlatforms) = preSolution
		Debug|Any CPU = Debug|Any CPU
		Release|Any CPU = Release|Any CPU
	EndGlobalSection
	GlobalSection(ProjectConfigurationPlatforms) = postSolution
		{8324EC82-9ABF-4049-BD18-CE27B5D6A54B}.Debug|Any CPU.ActiveCfg = Debug|Any CPU
		{8324EC82-9ABF-4049-BD18-CE27B5D6A54B}.Debug|Any CPU.Build.0 = Debug|Any CPU
		{8324EC82-9ABF-4049-BD18-CE27B5D6A54B}.Release|Any CPU.ActiveCfg = Release|Any CPU
		{8324EC82-9ABF-4049-BD18-CE27B5D6A54B}.Release|Any CPU.Build.0 = Release|Any CPU
	EndGlobalSection
	GlobalSection(SolutionProperties) = preSolution
		HideSolutionNode = FALSE
	EndGlobalSection
	GlobalSection(ExtensibilityGlobals) = postSolution
		SolutionGuid = {BB4AB3E6-FD9E-453D-BF89-DD3D7D4D313B}
	EndGlobalSection
EndGlobal
